// !$*UTF8*$!
{
	archiveVersion = 1;
	classes = {
	};
	objectVersion = 56;
	objects = {

/* Begin PBXBuildFile section */
		691805432B7E3F080044FFFF /* PeraWalletAssignmentApp.swift in Sources */ = {isa = PBXBuildFile; fileRef = 691805422B7E3F080044FFFF /* PeraWalletAssignmentApp.swift */; };
		691805452B7E3F080044FFFF /* RepositoryView.swift in Sources */ = {isa = PBXBuildFile; fileRef = 691805442B7E3F080044FFFF /* RepositoryView.swift */; };
		691805472B7E3F090044FFFF /* Assets.xcassets in Resources */ = {isa = PBXBuildFile; fileRef = 691805462B7E3F090044FFFF /* Assets.xcassets */; };
		6918054A2B7E3F090044FFFF /* Preview Assets.xcassets in Resources */ = {isa = PBXBuildFile; fileRef = 691805492B7E3F090044FFFF /* Preview Assets.xcassets */; };
		69B7603F2B8376AB0091961E /* Repository.swift in Sources */ = {isa = PBXBuildFile; fileRef = 69B7603E2B8376AB0091961E /* Repository.swift */; };
		69B760412B8379760091961E /* RepositoryListViewModel.swift in Sources */ = {isa = PBXBuildFile; fileRef = 69B760402B8379760091961E /* RepositoryListViewModel.swift */; };
		69B760432B837B5B0091961E /* RepositoryDetailView.swift in Sources */ = {isa = PBXBuildFile; fileRef = 69B760422B837B5B0091961E /* RepositoryDetailView.swift */; };
		69B760452B83815E0091961E /* RepositoryService.swift in Sources */ = {isa = PBXBuildFile; fileRef = 69B760442B83815E0091961E /* RepositoryService.swift */; };
		69B760472B85EAC90091961E /* FavoriteRepositoryManager.swift in Sources */ = {isa = PBXBuildFile; fileRef = 69B760462B85EAC90091961E /* FavoriteRepositoryManager.swift */; };
		69B760492B85EB700091961E /* SearchBar.swift in Sources */ = {isa = PBXBuildFile; fileRef = 69B760482B85EB700091961E /* SearchBar.swift */; };
		69B7604E2B874EA10091961E /* ImageLoader.swift in Sources */ = {isa = PBXBuildFile; fileRef = 69B7604D2B874EA10091961E /* ImageLoader.swift */; };
		69B7605F2B8772F00091961E /* FavoritesView.swift in Sources */ = {isa = PBXBuildFile; fileRef = 69B7605E2B8772F00091961E /* FavoritesView.swift */; };
/* End PBXBuildFile section */

/* Begin PBXFileReference section */
		6918053F2B7E3F080044FFFF /* PeraWalletAssignment.app */ = {isa = PBXFileReference; explicitFileType = wrapper.application; includeInIndex = 0; path = PeraWalletAssignment.app; sourceTree = BUILT_PRODUCTS_DIR; };
		691805422B7E3F080044FFFF /* PeraWalletAssignmentApp.swift */ = {isa = PBXFileReference; lastKnownFileType = sourcecode.swift; path = PeraWalletAssignmentApp.swift; sourceTree = "<group>"; };
		691805442B7E3F080044FFFF /* RepositoryView.swift */ = {isa = PBXFileReference; lastKnownFileType = sourcecode.swift; path = RepositoryView.swift; sourceTree = "<group>"; };
		691805462B7E3F090044FFFF /* Assets.xcassets */ = {isa = PBXFileReference; lastKnownFileType = folder.assetcatalog; path = Assets.xcassets; sourceTree = "<group>"; };
		691805492B7E3F090044FFFF /* Preview Assets.xcassets */ = {isa = PBXFileReference; lastKnownFileType = folder.assetcatalog; path = "Preview Assets.xcassets"; sourceTree = "<group>"; };
		69B7603E2B8376AB0091961E /* Repository.swift */ = {isa = PBXFileReference; lastKnownFileType = sourcecode.swift; path = Repository.swift; sourceTree = "<group>"; };
		69B760402B8379760091961E /* RepositoryListViewModel.swift */ = {isa = PBXFileReference; lastKnownFileType = sourcecode.swift; path = RepositoryListViewModel.swift; sourceTree = "<group>"; };
		69B760422B837B5B0091961E /* RepositoryDetailView.swift */ = {isa = PBXFileReference; lastKnownFileType = sourcecode.swift; path = RepositoryDetailView.swift; sourceTree = "<group>"; };
		69B760442B83815E0091961E /* RepositoryService.swift */ = {isa = PBXFileReference; lastKnownFileType = sourcecode.swift; path = RepositoryService.swift; sourceTree = "<group>"; };
		69B760462B85EAC90091961E /* FavoriteRepositoryManager.swift */ = {isa = PBXFileReference; lastKnownFileType = sourcecode.swift; path = FavoriteRepositoryManager.swift; sourceTree = "<group>"; };
		69B760482B85EB700091961E /* SearchBar.swift */ = {isa = PBXFileReference; lastKnownFileType = sourcecode.swift; path = SearchBar.swift; sourceTree = "<group>"; };
		69B7604D2B874EA10091961E /* ImageLoader.swift */ = {isa = PBXFileReference; lastKnownFileType = sourcecode.swift; path = ImageLoader.swift; sourceTree = "<group>"; };
		69B7605E2B8772F00091961E /* FavoritesView.swift */ = {isa = PBXFileReference; lastKnownFileType = sourcecode.swift; path = FavoritesView.swift; sourceTree = "<group>"; };
/* End PBXFileReference section */

/* Begin PBXFrameworksBuildPhase section */
		6918053C2B7E3F080044FFFF /* Frameworks */ = {
			isa = PBXFrameworksBuildPhase;
			buildActionMask = 2147483647;
			files = (
			);
			runOnlyForDeploymentPostprocessing = 0;
		};
/* End PBXFrameworksBuildPhase section */

/* Begin PBXGroup section */
		691805362B7E3F080044FFFF = {
			isa = PBXGroup;
			children = (
				691805412B7E3F080044FFFF /* PeraWalletAssignment */,
				691805402B7E3F080044FFFF /* Products */,
			);
			sourceTree = "<group>";
		};
		691805402B7E3F080044FFFF /* Products */ = {
			isa = PBXGroup;
			children = (
				6918053F2B7E3F080044FFFF /* PeraWalletAssignment.app */,
			);
			name = Products;
			sourceTree = "<group>";
		};
		691805412B7E3F080044FFFF /* PeraWalletAssignment */ = {
			isa = PBXGroup;
			children = (
				69B7605C2B8762340091961E /* App */,
				69B760592B8760C30091961E /* RepositoryDetail */,
				69B760562B8760880091961E /* Repository */,
				69B760522B8760160091961E /* Services */,
				69B760502B875F9C0091961E /* Helpers */,
				69B7604F2B875F780091961E /* Components */,
				691805482B7E3F090044FFFF /* Preview Content */,
			);
			path = PeraWalletAssignment;
			sourceTree = "<group>";
		};
		691805482B7E3F090044FFFF /* Preview Content */ = {
			isa = PBXGroup;
			children = (
				691805492B7E3F090044FFFF /* Preview Assets.xcassets */,
			);
			path = "Preview Content";
			sourceTree = "<group>";
		};
		69B7604F2B875F780091961E /* Components */ = {
			isa = PBXGroup;
			children = (
				69B760482B85EB700091961E /* SearchBar.swift */,
			);
			path = Components;
			sourceTree = "<group>";
		};
		69B760502B875F9C0091961E /* Helpers */ = {
			isa = PBXGroup;
			children = (
				69B7604D2B874EA10091961E /* ImageLoader.swift */,
			);
			path = Helpers;
			sourceTree = "<group>";
		};
		69B760522B8760160091961E /* Services */ = {
			isa = PBXGroup;
			children = (
				69B760462B85EAC90091961E /* FavoriteRepositoryManager.swift */,
				69B760442B83815E0091961E /* RepositoryService.swift */,
			);
			path = Services;
			sourceTree = "<group>";
		};
		69B760562B8760880091961E /* Repository */ = {
			isa = PBXGroup;
			children = (
				69B7605B2B8761050091961E /* Model */,
				69B760582B8760AD0091961E /* ViewModel */,
				69B760572B87609A0091961E /* View */,
			);
			path = Repository;
			sourceTree = "<group>";
		};
		69B760572B87609A0091961E /* View */ = {
			isa = PBXGroup;
			children = (
				691805442B7E3F080044FFFF /* RepositoryView.swift */,
				69B7605E2B8772F00091961E /* FavoritesView.swift */,
			);
			path = View;
			sourceTree = "<group>";
		};
		69B760582B8760AD0091961E /* ViewModel */ = {
			isa = PBXGroup;
			children = (
				69B760402B8379760091961E /* RepositoryListViewModel.swift */,
			);
			path = ViewModel;
			sourceTree = "<group>";
		};
		69B760592B8760C30091961E /* RepositoryDetail */ = {
			isa = PBXGroup;
			children = (
				69B7605A2B8760CC0091961E /* View */,
			);
			path = RepositoryDetail;
			sourceTree = "<group>";
		};
		69B7605A2B8760CC0091961E /* View */ = {
			isa = PBXGroup;
			children = (
				69B760422B837B5B0091961E /* RepositoryDetailView.swift */,
			);
			path = View;
			sourceTree = "<group>";
		};
		69B7605B2B8761050091961E /* Model */ = {
			isa = PBXGroup;
			children = (
				69B7603E2B8376AB0091961E /* Repository.swift */,
			);
			path = Model;
			sourceTree = "<group>";
		};
		69B7605C2B8762340091961E /* App */ = {
			isa = PBXGroup;
			children = (
				691805462B7E3F090044FFFF /* Assets.xcassets */,
				691805422B7E3F080044FFFF /* PeraWalletAssignmentApp.swift */,
			);
			path = App;
			sourceTree = "<group>";
		};
/* End PBXGroup section */

/* Begin PBXNativeTarget section */
		6918053E2B7E3F080044FFFF /* PeraWalletAssignment */ = {
			isa = PBXNativeTarget;
			buildConfigurationList = 6918054D2B7E3F090044FFFF /* Build configuration list for PBXNativeTarget "PeraWalletAssignment" */;
			buildPhases = (
				6918053B2B7E3F080044FFFF /* Sources */,
				6918053C2B7E3F080044FFFF /* Frameworks */,
				6918053D2B7E3F080044FFFF /* Resources */,
			);
			buildRules = (
			);
			dependencies = (
			);
			name = PeraWalletAssignment;
			productName = PeraWalletAssignment;
			productReference = 6918053F2B7E3F080044FFFF /* PeraWalletAssignment.app */;
			productType = "com.apple.product-type.application";
		};
/* End PBXNativeTarget section */

/* Begin PBXProject section */
		691805372B7E3F080044FFFF /* Project object */ = {
			isa = PBXProject;
			attributes = {
				BuildIndependentTargetsInParallel = 1;
				LastSwiftUpdateCheck = 1500;
				LastUpgradeCheck = 1500;
				TargetAttributes = {
					6918053E2B7E3F080044FFFF = {
						CreatedOnToolsVersion = 15.0;
					};
				};
			};
			buildConfigurationList = 6918053A2B7E3F080044FFFF /* Build configuration list for PBXProject "PeraWalletAssignment" */;
			compatibilityVersion = "Xcode 14.0";
			developmentRegion = en;
			hasScannedForEncodings = 0;
			knownRegions = (
				en,
				Base,
			);
			mainGroup = 691805362B7E3F080044FFFF;
			productRefGroup = 691805402B7E3F080044FFFF /* Products */;
			projectDirPath = "";
			projectRoot = "";
			targets = (
				6918053E2B7E3F080044FFFF /* PeraWalletAssignment */,
			);
		};
/* End PBXProject section */

/* Begin PBXResourcesBuildPhase section */
		6918053D2B7E3F080044FFFF /* Resources */ = {
			isa = PBXResourcesBuildPhase;
			buildActionMask = 2147483647;
			files = (
				6918054A2B7E3F090044FFFF /* Preview Assets.xcassets in Resources */,
				691805472B7E3F090044FFFF /* Assets.xcassets in Resources */,
			);
			runOnlyForDeploymentPostprocessing = 0;
		};
/* End PBXResourcesBuildPhase section */

/* Begin PBXSourcesBuildPhase section */
		6918053B2B7E3F080044FFFF /* Sources */ = {
			isa = PBXSourcesBuildPhase;
			buildActionMask = 2147483647;
			files = (
				69B7605F2B8772F00091961E /* FavoritesView.swift in Sources */,
				69B760412B8379760091961E /* RepositoryListViewModel.swift in Sources */,
				691805452B7E3F080044FFFF /* RepositoryView.swift in Sources */,
				69B760472B85EAC90091961E /* FavoriteRepositoryManager.swift in Sources */,
				69B760432B837B5B0091961E /* RepositoryDetailView.swift in Sources */,
				69B760452B83815E0091961E /* RepositoryService.swift in Sources */,
				69B7604E2B874EA10091961E /* ImageLoader.swift in Sources */,
				69B760492B85EB700091961E /* SearchBar.swift in Sources */,
				691805432B7E3F080044FFFF /* PeraWalletAssignmentApp.swift in Sources */,
				69B7603F2B8376AB0091961E /* Repository.swift in Sources */,
			);
			runOnlyForDeploymentPostprocessing = 0;
		};
/* End PBXSourcesBuildPhase section */

/* Begin XCBuildConfiguration section */
		6918054B2B7E3F090044FFFF /* Debug */ = {
			isa = XCBuildConfiguration;
			buildSettings = {
				ALWAYS_SEARCH_USER_PATHS = NO;
				ASSETCATALOG_COMPILER_GENERATE_SWIFT_ASSET_SYMBOL_EXTENSIONS = YES;
				CLANG_ANALYZER_NONNULL = YES;
				CLANG_ANALYZER_NUMBER_OBJECT_CONVERSION = YES_AGGRESSIVE;
				CLANG_CXX_LANGUAGE_STANDARD = "gnu++20";
				CLANG_ENABLE_MODULES = YES;
				CLANG_ENABLE_OBJC_ARC = YES;
				CLANG_ENABLE_OBJC_WEAK = YES;
				CLANG_WARN_BLOCK_CAPTURE_AUTORELEASING = YES;
				CLANG_WARN_BOOL_CONVERSION = YES;
				CLANG_WARN_COMMA = YES;
				CLANG_WARN_CONSTANT_CONVERSION = YES;
				CLANG_WARN_DEPRECATED_OBJC_IMPLEMENTATIONS = YES;
				CLANG_WARN_DIRECT_OBJC_ISA_USAGE = YES_ERROR;
				CLANG_WARN_DOCUMENTATION_COMMENTS = YES;
				CLANG_WARN_EMPTY_BODY = YES;
				CLANG_WARN_ENUM_CONVERSION = YES;
				CLANG_WARN_INFINITE_RECURSION = YES;
				CLANG_WARN_INT_CONVERSION = YES;
				CLANG_WARN_NON_LITERAL_NULL_CONVERSION = YES;
				CLANG_WARN_OBJC_IMPLICIT_RETAIN_SELF = YES;
				CLANG_WARN_OBJC_LITERAL_CONVERSION = YES;
				CLANG_WARN_OBJC_ROOT_CLASS = YES_ERROR;
				CLANG_WARN_QUOTED_INCLUDE_IN_FRAMEWORK_HEADER = YES;
				CLANG_WARN_RANGE_LOOP_ANALYSIS = YES;
				CLANG_WARN_STRICT_PROTOTYPES = YES;
				CLANG_WARN_SUSPICIOUS_MOVE = YES;
				CLANG_WARN_UNGUARDED_AVAILABILITY = YES_AGGRESSIVE;
				CLANG_WARN_UNREACHABLE_CODE = YES;
				CLANG_WARN__DUPLICATE_METHOD_MATCH = YES;
				COPY_PHASE_STRIP = NO;
				DEBUG_INFORMATION_FORMAT = dwarf;
				ENABLE_STRICT_OBJC_MSGSEND = YES;
				ENABLE_TESTABILITY = YES;
				ENABLE_USER_SCRIPT_SANDBOXING = YES;
				GCC_C_LANGUAGE_STANDARD = gnu17;
				GCC_DYNAMIC_NO_PIC = NO;
				GCC_NO_COMMON_BLOCKS = YES;
				GCC_OPTIMIZATION_LEVEL = 0;
				GCC_PREPROCESSOR_DEFINITIONS = (
					"DEBUG=1",
					"$(inherited)",
				);
				GCC_WARN_64_TO_32_BIT_CONVERSION = YES;
				GCC_WARN_ABOUT_RETURN_TYPE = YES_ERROR;
				GCC_WARN_UNDECLARED_SELECTOR = YES;
				GCC_WARN_UNINITIALIZED_AUTOS = YES_AGGRESSIVE;
				GCC_WARN_UNUSED_FUNCTION = YES;
				GCC_WARN_UNUSED_VARIABLE = YES;
				IPHONEOS_DEPLOYMENT_TARGET = 17.0;
				LOCALIZATION_PREFERS_STRING_CATALOGS = YES;
				MTL_ENABLE_DEBUG_INFO = INCLUDE_SOURCE;
				MTL_FAST_MATH = YES;
				ONLY_ACTIVE_ARCH = YES;
				SDKROOT = iphoneos;
				SWIFT_ACTIVE_COMPILATION_CONDITIONS = "DEBUG $(inherited)";
				SWIFT_OPTIMIZATION_LEVEL = "-Onone";
			};
			name = Debug;
		};
		6918054C2B7E3F090044FFFF /* Release */ = {
			isa = XCBuildConfiguration;
			buildSettings = {
				ALWAYS_SEARCH_USER_PATHS = NO;
				ASSETCATALOG_COMPILER_GENERATE_SWIFT_ASSET_SYMBOL_EXTENSIONS = YES;
				CLANG_ANALYZER_NONNULL = YES;
				CLANG_ANALYZER_NUMBER_OBJECT_CONVERSION = YES_AGGRESSIVE;
				CLANG_CXX_LANGUAGE_STANDARD = "gnu++20";
				CLANG_ENABLE_MODULES = YES;
				CLANG_ENABLE_OBJC_ARC = YES;
				CLANG_ENABLE_OBJC_WEAK = YES;
				CLANG_WARN_BLOCK_CAPTURE_AUTORELEASING = YES;
				CLANG_WARN_BOOL_CONVERSION = YES;
				CLANG_WARN_COMMA = YES;
				CLANG_WARN_CONSTANT_CONVERSION = YES;
				CLANG_WARN_DEPRECATED_OBJC_IMPLEMENTATIONS = YES;
				CLANG_WARN_DIRECT_OBJC_ISA_USAGE = YES_ERROR;
				CLANG_WARN_DOCUMENTATION_COMMENTS = YES;
				CLANG_WARN_EMPTY_BODY = YES;
				CLANG_WARN_ENUM_CONVERSION = YES;
				CLANG_WARN_INFINITE_RECURSION = YES;
				CLANG_WARN_INT_CONVERSION = YES;
				CLANG_WARN_NON_LITERAL_NULL_CONVERSION = YES;
				CLANG_WARN_OBJC_IMPLICIT_RETAIN_SELF = YES;
				CLANG_WARN_OBJC_LITERAL_CONVERSION = YES;
				CLANG_WARN_OBJC_ROOT_CLASS = YES_ERROR;
				CLANG_WARN_QUOTED_INCLUDE_IN_FRAMEWORK_HEADER = YES;
				CLANG_WARN_RANGE_LOOP_ANALYSIS = YES;
				CLANG_WARN_STRICT_PROTOTYPES = YES;
				CLANG_WARN_SUSPICIOUS_MOVE = YES;
				CLANG_WARN_UNGUARDED_AVAILABILITY = YES_AGGRESSIVE;
				CLANG_WARN_UNREACHABLE_CODE = YES;
				CLANG_WARN__DUPLICATE_METHOD_MATCH = YES;
				COPY_PHASE_STRIP = NO;
				DEBUG_INFORMATION_FORMAT = "dwarf-with-dsym";
				ENABLE_NS_ASSERTIONS = NO;
				ENABLE_STRICT_OBJC_MSGSEND = YES;
				ENABLE_USER_SCRIPT_SANDBOXING = YES;
				GCC_C_LANGUAGE_STANDARD = gnu17;
				GCC_NO_COMMON_BLOCKS = YES;
				GCC_WARN_64_TO_32_BIT_CONVERSION = YES;
				GCC_WARN_ABOUT_RETURN_TYPE = YES_ERROR;
				GCC_WARN_UNDECLARED_SELECTOR = YES;
				GCC_WARN_UNINITIALIZED_AUTOS = YES_AGGRESSIVE;
				GCC_WARN_UNUSED_FUNCTION = YES;
				GCC_WARN_UNUSED_VARIABLE = YES;
				IPHONEOS_DEPLOYMENT_TARGET = 17.0;
				LOCALIZATION_PREFERS_STRING_CATALOGS = YES;
				MTL_ENABLE_DEBUG_INFO = NO;
				MTL_FAST_MATH = YES;
				SDKROOT = iphoneos;
				SWIFT_COMPILATION_MODE = wholemodule;
				VALIDATE_PRODUCT = YES;
			};
			name = Release;
		};
		6918054E2B7E3F090044FFFF /* Debug */ = {
			isa = XCBuildConfiguration;
			buildSettings = {
				ASSETCATALOG_COMPILER_APPICON_NAME = AppIcon;
				ASSETCATALOG_COMPILER_GLOBAL_ACCENT_COLOR_NAME = AccentColor;
				CODE_SIGN_STYLE = Automatic;
				CURRENT_PROJECT_VERSION = 1;
				DEVELOPMENT_ASSET_PATHS = "\"PeraWalletAssignment/Preview Content\"";
				ENABLE_PREVIEWS = YES;
				GENERATE_INFOPLIST_FILE = YES;
				INFOPLIST_KEY_UIApplicationSceneManifest_Generation = YES;
				INFOPLIST_KEY_UIApplicationSupportsIndirectInputEvents = YES;
				INFOPLIST_KEY_UILaunchScreen_Generation = YES;
				INFOPLIST_KEY_UISupportedInterfaceOrientations = UIInterfaceOrientationPortrait;
				INFOPLIST_KEY_UISupportedInterfaceOrientations_iPad = "UIInterfaceOrientationLandscapeLeft UIInterfaceOrientationLandscapeRight UIInterfaceOrientationPortrait UIInterfaceOrientationPortraitUpsideDown";
				IPHONEOS_DEPLOYMENT_TARGET = 15.0;
				LD_RUNPATH_SEARCH_PATHS = (
					"$(inherited)",
					"@executable_path/Frameworks",
				);
				MARKETING_VERSION = 1.0;
				PRODUCT_BUNDLE_IDENTIFIER = com.tayfunsagdic.PeraWalletAssignment;
				PRODUCT_NAME = "$(TARGET_NAME)";
				SUPPORTED_PLATFORMS = "iphoneos iphonesimulator";
				SUPPORTS_MACCATALYST = NO;
				SUPPORTS_MAC_DESIGNED_FOR_IPHONE_IPAD = NO;
				SWIFT_EMIT_LOC_STRINGS = YES;
				SWIFT_VERSION = 5.0;
				TARGETED_DEVICE_FAMILY = 1;
			};
			name = Debug;
		};
		6918054F2B7E3F090044FFFF /* Release */ = {
			isa = XCBuildConfiguration;
			buildSettings = {
				ASSETCATALOG_COMPILER_APPICON_NAME = AppIcon;
				ASSETCATALOG_COMPILER_GLOBAL_ACCENT_COLOR_NAME = AccentColor;
				CODE_SIGN_STYLE = Automatic;
				CURRENT_PROJECT_VERSION = 1;
				DEVELOPMENT_ASSET_PATHS = "\"PeraWalletAssignment/Preview Content\"";
				ENABLE_PREVIEWS = YES;
				GENERATE_INFOPLIST_FILE = YES;
				INFOPLIST_KEY_UIApplicationSceneManifest_Generation = YES;
				INFOPLIST_KEY_UIApplicationSupportsIndirectInputEvents = YES;
				INFOPLIST_KEY_UILaunchScreen_Generation = YES;
				INFOPLIST_KEY_UISupportedInterfaceOrientations = UIInterfaceOrientationPortrait;
				INFOPLIST_KEY_UISupportedInterfaceOrientations_iPad = "UIInterfaceOrientationLandscapeLeft UIInterfaceOrientationLandscapeRight UIInterfaceOrientationPortrait UIInterfaceOrientationPortraitUpsideDown";
				IPHONEOS_DEPLOYMENT_TARGET = 15.0;
				LD_RUNPATH_SEARCH_PATHS = (
					"$(inherited)",
					"@executable_path/Frameworks",
				);
				MARKETING_VERSION = 1.0;
				PRODUCT_BUNDLE_IDENTIFIER = com.tayfunsagdic.PeraWalletAssignment;
				PRODUCT_NAME = "$(TARGET_NAME)";
				SUPPORTED_PLATFORMS = "iphoneos iphonesimulator";
				SUPPORTS_MACCATALYST = NO;
				SUPPORTS_MAC_DESIGNED_FOR_IPHONE_IPAD = NO;
				SWIFT_EMIT_LOC_STRINGS = YES;
				SWIFT_VERSION = 5.0;
				TARGETED_DEVICE_FAMILY = 1;
			};
			name = Release;
		};
/* End XCBuildConfiguration section */

/* Begin XCConfigurationList section */
		6918053A2B7E3F080044FFFF /* Build configuration list for PBXProject "PeraWalletAssignment" */ = {
			isa = XCConfigurationList;
			buildConfigurations = (
				6918054B2B7E3F090044FFFF /* Debug */,
				6918054C2B7E3F090044FFFF /* Release */,
			);
			defaultConfigurationIsVisible = 0;
			defaultConfigurationName = Release;
		};
		6918054D2B7E3F090044FFFF /* Build configuration list for PBXNativeTarget "PeraWalletAssignment" */ = {
			isa = XCConfigurationList;
			buildConfigurations = (
				6918054E2B7E3F090044FFFF /* Debug */,
				6918054F2B7E3F090044FFFF /* Release */,
			);
			defaultConfigurationIsVisible = 0;
			defaultConfigurationName = Release;
		};
/* End XCConfigurationList section */
	};
	rootObject = 691805372B7E3F080044FFFF /* Project object */;
}
